
Microsoft Visual Studio Solution File, Format Version 12.00
# Visual Studio Version 16
VisualStudioVersion = 16.0.30011.22
MinimumVisualStudioVersion = 10.0.40219.1
Project("{FAE04EC0-301F-11D3-BF4B-00C04F79EFBC}") = "PdbAndXmlExtractor", "PdbAndXmlExtractor\PdbAndXmlExtractor.csproj", "{BF204FD1-F0C4-46CC-9507-5A702506F7AB}"
EndProject
Global
	GlobalSection(SolutionConfigurationPlatforms) = preSolution
		Debug|Any CPU = Debug|Any CPU
		Release|Any CPU = Release|Any CPU
	EndGlobalSection
	GlobalSection(ProjectConfigurationPlatforms) = postSolution
		{BF204FD1-F0C4-46CC-9507-5A702506F7AB}.Debug|Any CPU.ActiveCfg = Debug|Any CPU
		{BF204FD1-F0C4-46CC-9507-5A702506F7AB}.Debug|Any CPU.Build.0 = Debug|Any CPU
		{BF204FD1-F0C4-46CC-9507-5A702506F7AB}.Release|Any CPU.ActiveCfg = Release|Any CPU
		{BF204FD1-F0C4-46CC-9507-5A702506F7AB}.Release|Any CPU.Build.0 = Release|Any CPU
	EndGlobalSection
	GlobalSection(SolutionProperties) = preSolution
		HideSolutionNode = FALSE
	EndGlobalSection
	GlobalSection(ExtensibilityGlobals) = postSolution
		SolutionGuid = {FBE18690-2229-45C8-81DD-BF154ECBCA42}
	EndGlobalSection
EndGlobal
